
Microsoft Visual Studio Solution File, Format Version 12.00
# Visual Studio Version 17
VisualStudioVersion = 17.6.33829.357
MinimumVisualStudioVersion = 10.0.40219.1
Project("{FAE04EC0-301F-11D3-BF4B-00C04F79EFBC}") = "Medical-System-WebApplication", "Medical-System-WebApplication\Medical-System-WebApplication.csproj", "{65C1F34C-8B71-485D-AF93-DAD2DF0412C0}"
EndProject
Global
	GlobalSection(SolutionConfigurationPlatforms) = preSolution
		Debug|Any CPU = Debug|Any CPU
		Release|Any CPU = Release|Any CPU
	EndGlobalSection
	GlobalSection(ProjectConfigurationPlatforms) = postSolution
		{65C1F34C-8B71-485D-AF93-DAD2DF0412C0}.Debug|Any CPU.ActiveCfg = Debug|Any CPU
		{65C1F34C-8B71-485D-AF93-DAD2DF0412C0}.Debug|Any CPU.Build.0 = Debug|Any CPU
		{65C1F34C-8B71-485D-AF93-DAD2DF0412C0}.Release|Any CPU.ActiveCfg = Release|Any CPU
		{65C1F34C-8B71-485D-AF93-DAD2DF0412C0}.Release|Any CPU.Build.0 = Release|Any CPU
	EndGlobalSection
	GlobalSection(SolutionProperties) = preSolution
		HideSolutionNode = FALSE
	EndGlobalSection
	GlobalSection(ExtensibilityGlobals) = postSolution
		SolutionGuid = {A5733F90-3D15-443F-B142-EB4ACBC259AB}
	EndGlobalSection
EndGlobal
